// !$*UTF8*$!
{
	archiveVersion = 1;
	classes = {
	};
	objectVersion = 46;
	objects = {

/* Begin PBXBuildFile section */
		7706B9C11953B1290074CD48 /* Foundation.framework in Frameworks */ = {isa = PBXBuildFile; fileRef = 7706B9C01953B1290074CD48 /* Foundation.framework */; };
		7706B9C31953B1290074CD48 /* CoreGraphics.framework in Frameworks */ = {isa = PBXBuildFile; fileRef = 7706B9C21953B1290074CD48 /* CoreGraphics.framework */; };
		7706B9C51953B1290074CD48 /* UIKit.framework in Frameworks */ = {isa = PBXBuildFile; fileRef = 7706B9C41953B1290074CD48 /* UIKit.framework */; };
		7706B9CB1953B1290074CD48 /* InfoPlist.strings in Resources */ = {isa = PBXBuildFile; fileRef = 7706B9C91953B1290074CD48 /* InfoPlist.strings */; };
		7706B9CD1953B1290074CD48 /* main.m in Sources */ = {isa = PBXBuildFile; fileRef = 7706B9CC1953B1290074CD48 /* main.m */; };
		7706B9D11953B1290074CD48 /* AppDelegate.m in Sources */ = {isa = PBXBuildFile; fileRef = 7706B9D01953B1290074CD48 /* AppDelegate.m */; };
		7706B9D31953B1290074CD48 /* Images.xcassets in Resources */ = {isa = PBXBuildFile; fileRef = 7706B9D21953B1290074CD48 /* Images.xcassets */; };
		7706B9DA1953B1290074CD48 /* XCTest.framework in Frameworks */ = {isa = PBXBuildFile; fileRef = 7706B9D91953B1290074CD48 /* XCTest.framework */; };
		7706B9DB1953B1290074CD48 /* Foundation.framework in Frameworks */ = {isa = PBXBuildFile; fileRef = 7706B9C01953B1290074CD48 /* Foundation.framework */; };
		7706B9DC1953B1290074CD48 /* UIKit.framework in Frameworks */ = {isa = PBXBuildFile; fileRef = 7706B9C41953B1290074CD48 /* UIKit.framework */; };
		7706B9E41953B1290074CD48 /* InfoPlist.strings in Resources */ = {isa = PBXBuildFile; fileRef = 7706B9E21953B1290074CD48 /* InfoPlist.strings */; };
		7706B9E61953B1290074CD48 /* week3Tests.m in Sources */ = {isa = PBXBuildFile; fileRef = 7706B9E51953B1290074CD48 /* week3Tests.m */; };
		7706B9F1195620900074CD48 /* HeadlineViewController.m in Sources */ = {isa = PBXBuildFile; fileRef = 7706B9F0195620900074CD48 /* HeadlineViewController.m */; };
		7706B9F4195626880074CD48 /* MenuViewController.m in Sources */ = {isa = PBXBuildFile; fileRef = 7706B9F3195626880074CD48 /* MenuViewController.m */; };
/* End PBXBuildFile section */

/* Begin PBXContainerItemProxy section */
		7706B9DD1953B1290074CD48 /* PBXContainerItemProxy */ = {
			isa = PBXContainerItemProxy;
			containerPortal = 7706B9B51953B1290074CD48 /* Project object */;
			proxyType = 1;
			remoteGlobalIDString = 7706B9BC1953B1290074CD48;
			remoteInfo = week3;
		};
/* End PBXContainerItemProxy section */

/* Begin PBXFileReference section */
		7706B9BD1953B1290074CD48 /* week3.app */ = {isa = PBXFileReference; explicitFileType = wrapper.application; includeInIndex = 0; path = week3.app; sourceTree = BUILT_PRODUCTS_DIR; };
		7706B9C01953B1290074CD48 /* Foundation.framework */ = {isa = PBXFileReference; lastKnownFileType = wrapper.framework; name = Foundation.framework; path = System/Library/Frameworks/Foundation.framework; sourceTree = SDKROOT; };
		7706B9C21953B1290074CD48 /* CoreGraphics.framework */ = {isa = PBXFileReference; lastKnownFileType = wrapper.framework; name = CoreGraphics.framework; path = System/Library/Frameworks/CoreGraphics.framework; sourceTree = SDKROOT; };
		7706B9C41953B1290074CD48 /* UIKit.framework */ = {isa = PBXFileReference; lastKnownFileType = wrapper.framework; name = UIKit.framework; path = System/Library/Frameworks/UIKit.framework; sourceTree = SDKROOT; };
		7706B9C81953B1290074CD48 /* week3-Info.plist */ = {isa = PBXFileReference; lastKnownFileType = text.plist.xml; path = "week3-Info.plist"; sourceTree = "<group>"; };
		7706B9CA1953B1290074CD48 /* en */ = {isa = PBXFileReference; lastKnownFileType = text.plist.strings; name = en; path = en.lproj/InfoPlist.strings; sourceTree = "<group>"; };
		7706B9CC1953B1290074CD48 /* main.m */ = {isa = PBXFileReference; lastKnownFileType = sourcecode.c.objc; path = main.m; sourceTree = "<group>"; };
		7706B9CE1953B1290074CD48 /* week3-Prefix.pch */ = {isa = PBXFileReference; lastKnownFileType = sourcecode.c.h; path = "week3-Prefix.pch"; sourceTree = "<group>"; };
		7706B9CF1953B1290074CD48 /* AppDelegate.h */ = {isa = PBXFileReference; lastKnownFileType = sourcecode.c.h; path = AppDelegate.h; sourceTree = "<group>"; };
		7706B9D01953B1290074CD48 /* AppDelegate.m */ = {isa = PBXFileReference; lastKnownFileType = sourcecode.c.objc; path = AppDelegate.m; sourceTree = "<group>"; };
		7706B9D21953B1290074CD48 /* Images.xcassets */ = {isa = PBXFileReference; lastKnownFileType = folder.assetcatalog; path = Images.xcassets; sourceTree = "<group>"; };
		7706B9D81953B1290074CD48 /* week3Tests.xctest */ = {isa = PBXFileReference; explicitFileType = wrapper.cfbundle; includeInIndex = 0; path = week3Tests.xctest; sourceTree = BUILT_PRODUCTS_DIR; };
		7706B9D91953B1290074CD48 /* XCTest.framework */ = {isa = PBXFileReference; lastKnownFileType = wrapper.framework; name = XCTest.framework; path = Library/Frameworks/XCTest.framework; sourceTree = DEVELOPER_DIR; };
		7706B9E11953B1290074CD48 /* week3Tests-Info.plist */ = {isa = PBXFileReference; lastKnownFileType = text.plist.xml; path = "week3Tests-Info.plist"; sourceTree = "<group>"; };
		7706B9E31953B1290074CD48 /* en */ = {isa = PBXFileReference; lastKnownFileType = text.plist.strings; name = en; path = en.lproj/InfoPlist.strings; sourceTree = "<group>"; };
		7706B9E51953B1290074CD48 /* week3Tests.m */ = {isa = PBXFileReference; lastKnownFileType = sourcecode.c.objc; path = week3Tests.m; sourceTree = "<group>"; };
		7706B9EF195620900074CD48 /* HeadlineViewController.h */ = {isa = PBXFileReference; fileEncoding = 4; lastKnownFileType = sourcecode.c.h; path = HeadlineViewController.h; sourceTree = "<group>"; };
		7706B9F0195620900074CD48 /* HeadlineViewController.m */ = {isa = PBXFileReference; fileEncoding = 4; lastKnownFileType = sourcecode.c.objc; path = HeadlineViewController.m; sourceTree = "<group>"; };
		7706B9F2195626880074CD48 /* MenuViewController.h */ = {isa = PBXFileReference; fileEncoding = 4; lastKnownFileType = sourcecode.c.h; path = MenuViewController.h; sourceTree = "<group>"; };
		7706B9F3195626880074CD48 /* MenuViewController.m */ = {isa = PBXFileReference; fileEncoding = 4; lastKnownFileType = sourcecode.c.objc; path = MenuViewController.m; sourceTree = "<group>"; };
/* End PBXFileReference section */

/* Begin PBXFrameworksBuildPhase section */
		7706B9BA1953B1290074CD48 /* Frameworks */ = {
			isa = PBXFrameworksBuildPhase;
			buildActionMask = 2147483647;
			files = (
				7706B9C31953B1290074CD48 /* CoreGraphics.framework in Frameworks */,
				7706B9C51953B1290074CD48 /* UIKit.framework in Frameworks */,
				7706B9C11953B1290074CD48 /* Foundation.framework in Frameworks */,
			);
			runOnlyForDeploymentPostprocessing = 0;
		};
		7706B9D51953B1290074CD48 /* Frameworks */ = {
			isa = PBXFrameworksBuildPhase;
			buildActionMask = 2147483647;
			files = (
				7706B9DA1953B1290074CD48 /* XCTest.framework in Frameworks */,
				7706B9DC1953B1290074CD48 /* UIKit.framework in Frameworks */,
				7706B9DB1953B1290074CD48 /* Foundation.framework in Frameworks */,
			);
			runOnlyForDeploymentPostprocessing = 0;
		};
/* End PBXFrameworksBuildPhase section */

/* Begin PBXGroup section */
		7706B9B41953B1280074CD48 = {
			isa = PBXGroup;
			children = (
				7706B9C61953B1290074CD48 /* week3 */,
				7706B9DF1953B1290074CD48 /* week3Tests */,
				7706B9BF1953B1290074CD48 /* Frameworks */,
				7706B9BE1953B1290074CD48 /* Products */,
			);
			sourceTree = "<group>";
		};
		7706B9BE1953B1290074CD48 /* Products */ = {
			isa = PBXGroup;
			children = (
				7706B9BD1953B1290074CD48 /* week3.app */,
				7706B9D81953B1290074CD48 /* week3Tests.xctest */,
			);
			name = Products;
			sourceTree = "<group>";
		};
		7706B9BF1953B1290074CD48 /* Frameworks */ = {
			isa = PBXGroup;
			children = (
				7706B9C01953B1290074CD48 /* Foundation.framework */,
				7706B9C21953B1290074CD48 /* CoreGraphics.framework */,
				7706B9C41953B1290074CD48 /* UIKit.framework */,
				7706B9D91953B1290074CD48 /* XCTest.framework */,
			);
			name = Frameworks;
			sourceTree = "<group>";
		};
		7706B9C61953B1290074CD48 /* week3 */ = {
			isa = PBXGroup;
			children = (
				7706B9CF1953B1290074CD48 /* AppDelegate.h */,
				7706B9D01953B1290074CD48 /* AppDelegate.m */,
				7706B9D21953B1290074CD48 /* Images.xcassets */,
				7706B9C71953B1290074CD48 /* Supporting Files */,
				7706B9EF195620900074CD48 /* HeadlineViewController.h */,
				7706B9F0195620900074CD48 /* HeadlineViewController.m */,
				7706B9F2195626880074CD48 /* MenuViewController.h */,
				7706B9F3195626880074CD48 /* MenuViewController.m */,
			);
			path = week3;
			sourceTree = "<group>";
		};
		7706B9C71953B1290074CD48 /* Supporting Files */ = {
			isa = PBXGroup;
			children = (
				7706B9C81953B1290074CD48 /* week3-Info.plist */,
				7706B9C91953B1290074CD48 /* InfoPlist.strings */,
				7706B9CC1953B1290074CD48 /* main.m */,
				7706B9CE1953B1290074CD48 /* week3-Prefix.pch */,
			);
			name = "Supporting Files";
			sourceTree = "<group>";
		};
		7706B9DF1953B1290074CD48 /* week3Tests */ = {
			isa = PBXGroup;
			children = (
				7706B9E51953B1290074CD48 /* week3Tests.m */,
				7706B9E01953B1290074CD48 /* Supporting Files */,
			);
			path = week3Tests;
			sourceTree = "<group>";
		};
		7706B9E01953B1290074CD48 /* Supporting Files */ = {
			isa = PBXGroup;
			children = (
				7706B9E11953B1290074CD48 /* week3Tests-Info.plist */,
				7706B9E21953B1290074CD48 /* InfoPlist.strings */,
			);
			name = "Supporting Files";
			sourceTree = "<group>";
		};
/* End PBXGroup section */

/* Begin PBXNativeTarget section */
		7706B9BC1953B1290074CD48 /* week3 */ = {
			isa = PBXNativeTarget;
			buildConfigurationList = 7706B9E91953B1290074CD48 /* Build configuration list for PBXNativeTarget "week3" */;
			buildPhases = (
				7706B9B91953B1290074CD48 /* Sources */,
				7706B9BA1953B1290074CD48 /* Frameworks */,
				7706B9BB1953B1290074CD48 /* Resources */,
			);
			buildRules = (
			);
			dependencies = (
			);
			name = week3;
			productName = week3;
			productReference = 7706B9BD1953B1290074CD48 /* week3.app */;
			productType = "com.apple.product-type.application";
		};
		7706B9D71953B1290074CD48 /* week3Tests */ = {
			isa = PBXNativeTarget;
			buildConfigurationList = 7706B9EC1953B1290074CD48 /* Build configuration list for PBXNativeTarget "week3Tests" */;
			buildPhases = (
				7706B9D41953B1290074CD48 /* Sources */,
				7706B9D51953B1290074CD48 /* Frameworks */,
				7706B9D61953B1290074CD48 /* Resources */,
			);
			buildRules = (
			);
			dependencies = (
				7706B9DE1953B1290074CD48 /* PBXTargetDependency */,
			);
			name = week3Tests;
			productName = week3Tests;
			productReference = 7706B9D81953B1290074CD48 /* week3Tests.xctest */;
			productType = "com.apple.product-type.bundle.unit-test";
		};
/* End PBXNativeTarget section */

/* Begin PBXProject section */
		7706B9B51953B1290074CD48 /* Project object */ = {
			isa = PBXProject;
			attributes = {
				LastUpgradeCheck = 0510;
				ORGANIZATIONNAME = "Christine Chao";
				TargetAttributes = {
					7706B9D71953B1290074CD48 = {
						TestTargetID = 7706B9BC1953B1290074CD48;
					};
				};
			};
			buildConfigurationList = 7706B9B81953B1290074CD48 /* Build configuration list for PBXProject "week3" */;
			compatibilityVersion = "Xcode 3.2";
			developmentRegion = English;
			hasScannedForEncodings = 0;
			knownRegions = (
				en,
			);
			mainGroup = 7706B9B41953B1280074CD48;
			productRefGroup = 7706B9BE1953B1290074CD48 /* Products */;
			projectDirPath = "";
			projectRoot = "";
			targets = (
				7706B9BC1953B1290074CD48 /* week3 */,
				7706B9D71953B1290074CD48 /* week3Tests */,
			);
		};
/* End PBXProject section */

/* Begin PBXResourcesBuildPhase section */
		7706B9BB1953B1290074CD48 /* Resources */ = {
			isa = PBXResourcesBuildPhase;
			buildActionMask = 2147483647;
			files = (
				7706B9CB1953B1290074CD48 /* InfoPlist.strings in Resources */,
				7706B9D31953B1290074CD48 /* Images.xcassets in Resources */,
			);
			runOnlyForDeploymentPostprocessing = 0;
		};
		7706B9D61953B1290074CD48 /* Resources */ = {
			isa = PBXResourcesBuildPhase;
			buildActionMask = 2147483647;
			files = (
				7706B9E41953B1290074CD48 /* InfoPlist.strings in Resources */,
			);
			runOnlyForDeploymentPostprocessing = 0;
		};
/* End PBXResourcesBuildPhase section */

/* Begin PBXSourcesBuildPhase section */
		7706B9B91953B1290074CD48 /* Sources */ = {
			isa = PBXSourcesBuildPhase;
			buildActionMask = 2147483647;
			files = (
				7706B9D11953B1290074CD48 /* AppDelegate.m in Sources */,
				7706B9F1195620900074CD48 /* HeadlineViewController.m in Sources */,
				7706B9CD1953B1290074CD48 /* main.m in Sources */,
				7706B9F4195626880074CD48 /* MenuViewController.m in Sources */,
			);
			runOnlyForDeploymentPostprocessing = 0;
		};
		7706B9D41953B1290074CD48 /* Sources */ = {
			isa = PBXSourcesBuildPhase;
			buildActionMask = 2147483647;
			files = (
				7706B9E61953B1290074CD48 /* week3Tests.m in Sources */,
			);
			runOnlyForDeploymentPostprocessing = 0;
		};
/* End PBXSourcesBuildPhase section */

/* Begin PBXTargetDependency section */
		7706B9DE1953B1290074CD48 /* PBXTargetDependency */ = {
			isa = PBXTargetDependency;
			target = 7706B9BC1953B1290074CD48 /* week3 */;
			targetProxy = 7706B9DD1953B1290074CD48 /* PBXContainerItemProxy */;
		};
/* End PBXTargetDependency section */

/* Begin PBXVariantGroup section */
		7706B9C91953B1290074CD48 /* InfoPlist.strings */ = {
			isa = PBXVariantGroup;
			children = (
				7706B9CA1953B1290074CD48 /* en */,
			);
			name = InfoPlist.strings;
			sourceTree = "<group>";
		};
		7706B9E21953B1290074CD48 /* InfoPlist.strings */ = {
			isa = PBXVariantGroup;
			children = (
				7706B9E31953B1290074CD48 /* en */,
			);
			name = InfoPlist.strings;
			sourceTree = "<group>";
		};
/* End PBXVariantGroup section */

/* Begin XCBuildConfiguration section */
		7706B9E71953B1290074CD48 /* Debug */ = {
			isa = XCBuildConfiguration;
			buildSettings = {
				ALWAYS_SEARCH_USER_PATHS = NO;
				CLANG_CXX_LANGUAGE_STANDARD = "gnu++0x";
				CLANG_CXX_LIBRARY = "libc++";
				CLANG_ENABLE_MODULES = YES;
				CLANG_ENABLE_OBJC_ARC = YES;
				CLANG_WARN_BOOL_CONVERSION = YES;
				CLANG_WARN_CONSTANT_CONVERSION = YES;
				CLANG_WARN_DIRECT_OBJC_ISA_USAGE = YES_ERROR;
				CLANG_WARN_EMPTY_BODY = YES;
				CLANG_WARN_ENUM_CONVERSION = YES;
				CLANG_WARN_INT_CONVERSION = YES;
				CLANG_WARN_OBJC_ROOT_CLASS = YES_ERROR;
				CLANG_WARN__DUPLICATE_METHOD_MATCH = YES;
				"CODE_SIGN_IDENTITY[sdk=iphoneos*]" = "iPhone Developer";
				COPY_PHASE_STRIP = NO;
				GCC_C_LANGUAGE_STANDARD = gnu99;
				GCC_DYNAMIC_NO_PIC = NO;
				GCC_OPTIMIZATION_LEVEL = 0;
				GCC_PREPROCESSOR_DEFINITIONS = (
					"DEBUG=1",
					"$(inherited)",
				);
				GCC_SYMBOLS_PRIVATE_EXTERN = NO;
				GCC_WARN_64_TO_32_BIT_CONVERSION = YES;
				GCC_WARN_ABOUT_RETURN_TYPE = YES_ERROR;
				GCC_WARN_UNDECLARED_SELECTOR = YES;
				GCC_WARN_UNINITIALIZED_AUTOS = YES_AGGRESSIVE;
				GCC_WARN_UNUSED_FUNCTION = YES;
				GCC_WARN_UNUSED_VARIABLE = YES;
				IPHONEOS_DEPLOYMENT_TARGET = 7.1;
				ONLY_ACTIVE_ARCH = YES;
				SDKROOT = iphoneos;
				TARGETED_DEVICE_FAMILY = "1,2";
			};
			name = Debug;
		};
		7706B9E81953B1290074CD48 /* Release */ = {
			isa = XCBuildConfiguration;
			buildSettings = {
				ALWAYS_SEARCH_USER_PATHS = NO;
				CLANG_CXX_LANGUAGE_STANDARD = "gnu++0x";
				CLANG_CXX_LIBRARY = "libc++";
				CLANG_ENABLE_MODULES = YES;
				CLANG_ENABLE_OBJC_ARC = YES;
				CLANG_WARN_BOOL_CONVERSION = YES;
				CLANG_WARN_CONSTANT_CONVERSION = YES;
				CLANG_WARN_DIRECT_OBJC_ISA_USAGE = YES_ERROR;
				CLANG_WARN_EMPTY_BODY = YES;
				CLANG_WARN_ENUM_CONVERSION = YES;
				CLANG_WARN_INT_CONVERSION = YES;
				CLANG_WARN_OBJC_ROOT_CLASS = YES_ERROR;
				CLANG_WARN__DUPLICATE_METHOD_MATCH = YES;
				"CODE_SIGN_IDENTITY[sdk=iphoneos*]" = "iPhone Developer";
				COPY_PHASE_STRIP = YES;
				ENABLE_NS_ASSERTIONS = NO;
				GCC_C_LANGUAGE_STANDARD = gnu99;
				GCC_WARN_64_TO_32_BIT_CONVERSION = YES;
				GCC_WARN_ABOUT_RETURN_TYPE = YES_ERROR;
				GCC_WARN_UNDECLARED_SELECTOR = YES;
				GCC_WARN_UNINITIALIZED_AUTOS = YES_AGGRESSIVE;
				GCC_WARN_UNUSED_FUNCTION = YES;
				GCC_WARN_UNUSED_VARIABLE = YES;
				IPHONEOS_DEPLOYMENT_TARGET = 7.1;
				SDKROOT = iphoneos;
				TARGETED_DEVICE_FAMILY = "1,2";
				VALIDATE_PRODUCT = YES;
			};
			name = Release;
		};
		7706B9EA1953B1290074CD48 /* Debug */ = {
			isa = XCBuildConfiguration;
			buildSettings = {
				ASSETCATALOG_COMPILER_APPICON_NAME = AppIcon;
				ASSETCATALOG_COMPILER_LAUNCHIMAGE_NAME = LaunchImage;
				GCC_PRECOMPILE_PREFIX_HEADER = YES;
				GCC_PREFIX_HEADER = "week3/week3-Prefix.pch";
				INFOPLIST_FILE = "week3/week3-Info.plist";
				PRODUCT_NAME = "$(TARGET_NAME)";
				WRAPPER_EXTENSION = app;
			};
			name = Debug;
		};
		7706B9EB1953B1290074CD48 /* Release */ = {
			isa = XCBuildConfiguration;
			buildSettings = {
				ASSETCATALOG_COMPILER_APPICON_NAME = AppIcon;
				ASSETCATALOG_COMPILER_LAUNCHIMAGE_NAME = LaunchImage;
				GCC_PRECOMPILE_PREFIX_HEADER = YES;
				GCC_PREFIX_HEADER = "week3/week3-Prefix.pch";
				INFOPLIST_FILE = "week3/week3-Info.plist";
				PRODUCT_NAME = "$(TARGET_NAME)";
				WRAPPER_EXTENSION = app;
			};
			name = Release;
		};
		7706B9ED1953B1290074CD48 /* Debug */ = {
			isa = XCBuildConfiguration;
			buildSettings = {
				BUNDLE_LOADER = "$(BUILT_PRODUCTS_DIR)/week3.app/week3";
				FRAMEWORK_SEARCH_PATHS = (
					"$(SDKROOT)/Developer/Library/Frameworks",
					"$(inherited)",
					"$(DEVELOPER_FRAMEWORKS_DIR)",
				);
				GCC_PRECOMPILE_PREFIX_HEADER = YES;
				GCC_PREFIX_HEADER = "week3/week3-Prefix.pch";
				GCC_PREPROCESSOR_DEFINITIONS = (
					"DEBUG=1",
					"$(inherited)",
				);
				INFOPLIST_FILE = "week3Tests/week3Tests-Info.plist";
				PRODUCT_NAME = "$(TARGET_NAME)";
				TEST_HOST = "$(BUNDLE_LOADER)";
				WRAPPER_EXTENSION = xctest;
			};
			name = Debug;
		};
		7706B9EE1953B1290074CD48 /* Release */ = {
			isa = XCBuildConfiguration;
			buildSettings = {
				BUNDLE_LOADER = "$(BUILT_PRODUCTS_DIR)/week3.app/week3";
				FRAMEWORK_SEARCH_PATHS = (
					"$(SDKROOT)/Developer/Library/Frameworks",
					"$(inherited)",
					"$(DEVELOPER_FRAMEWORKS_DIR)",
				);
				GCC_PRECOMPILE_PREFIX_HEADER = YES;
				GCC_PREFIX_HEADER = "week3/week3-Prefix.pch";
				INFOPLIST_FILE = "week3Tests/week3Tests-Info.plist";
				PRODUCT_NAME = "$(TARGET_NAME)";
				TEST_HOST = "$(BUNDLE_LOADER)";
				WRAPPER_EXTENSION = xctest;
			};
			name = Release;
		};
/* End XCBuildConfiguration section */

/* Begin XCConfigurationList section */
		7706B9B81953B1290074CD48 /* Build configuration list for PBXProject "week3" */ = {
			isa = XCConfigurationList;
			buildConfigurations = (
				7706B9E71953B1290074CD48 /* Debug */,
				7706B9E81953B1290074CD48 /* Release */,
			);
			defaultConfigurationIsVisible = 0;
			defaultConfigurationName = Release;
		};
		7706B9E91953B1290074CD48 /* Build configuration list for PBXNativeTarget "week3" */ = {
			isa = XCConfigurationList;
			buildConfigurations = (
				7706B9EA1953B1290074CD48 /* Debug */,
				7706B9EB1953B1290074CD48 /* Release */,
			);
			defaultConfigurationIsVisible = 0;
		};
		7706B9EC1953B1290074CD48 /* Build configuration list for PBXNativeTarget "week3Tests" */ = {
			isa = XCConfigurationList;
			buildConfigurations = (
				7706B9ED1953B1290074CD48 /* Debug */,
				7706B9EE1953B1290074CD48 /* Release */,
			);
			defaultConfigurationIsVisible = 0;
		};
/* End XCConfigurationList section */
	};
	rootObject = 7706B9B51953B1290074CD48 /* Project object */;
}
